
Microsoft Visual Studio Solution File, Format Version 12.00
# Visual Studio 15
VisualStudioVersion = 15.0.27130.2020
MinimumVisualStudioVersion = 10.0.40219.1
Project("{FAE04EC0-301F-11D3-BF4B-00C04F79EFBC}") = "GpsTestApp", "GpsTestApp\GpsTestApp.csproj", "{D8FF7090-E903-4345-84DF-B9C97245B79C}"
EndProject
Global
	GlobalSection(SolutionConfigurationPlatforms) = preSolution
		Debug|Any CPU = Debug|Any CPU
		Release|Any CPU = Release|Any CPU
	EndGlobalSection
	GlobalSection(ProjectConfigurationPlatforms) = postSolution
		{D8FF7090-E903-4345-84DF-B9C97245B79C}.Debug|Any CPU.ActiveCfg = Debug|Any CPU
		{D8FF7090-E903-4345-84DF-B9C97245B79C}.Debug|Any CPU.Build.0 = Debug|Any CPU
		{D8FF7090-E903-4345-84DF-B9C97245B79C}.Release|Any CPU.ActiveCfg = Release|Any CPU
		{D8FF7090-E903-4345-84DF-B9C97245B79C}.Release|Any CPU.Build.0 = Release|Any CPU
	EndGlobalSection
	GlobalSection(SolutionProperties) = preSolution
		HideSolutionNode = FALSE
	EndGlobalSection
	GlobalSection(ExtensibilityGlobals) = postSolution
		SolutionGuid = {02CA29AA-3E54-4AD7-B12A-023FC92F66BD}
	EndGlobalSection
EndGlobal
